
Microsoft Visual Studio Solution File, Format Version 12.00
# Visual Studio Version 17
VisualStudioVersion = 17.11.35312.102
MinimumVisualStudioVersion = 10.0.40219.1
Project("{9A19103F-16F7-4668-BE54-9A1E7A4F7556}") = "Aerovoice", "Aerovoice\Aerovoice.csproj", "{4D2424C5-4D30-435E-8B71-1163010C1636}"
EndProject
Project("{9A19103F-16F7-4668-BE54-9A1E7A4F7556}") = "DSharpPlus", "DSharpPlus-Aerochat\DSharpPlus\DSharpPlus.csproj", "{C7D23CCE-7C8E-46E4-94DC-B702E1FBB848}"
EndProject
Global
	GlobalSection(SolutionConfigurationPlatforms) = preSolution
		Debug|Any CPU = Debug|Any CPU
		Debug|x64 = Debug|x64
		Release|Any CPU = Release|Any CPU
		Release|x64 = Release|x64
	EndGlobalSection
	GlobalSection(ProjectConfigurationPlatforms) = postSolution
		{4D2424C5-4D30-435E-8B71-1163010C1636}.Debug|Any CPU.ActiveCfg = Debug|Any CPU
		{4D2424C5-4D30-435E-8B71-1163010C1636}.Debug|Any CPU.Build.0 = Debug|Any CPU
		{4D2424C5-4D30-435E-8B71-1163010C1636}.Debug|x64.ActiveCfg = Debug|x64
		{4D2424C5-4D30-435E-8B71-1163010C1636}.Debug|x64.Build.0 = Debug|x64
		{4D2424C5-4D30-435E-8B71-1163010C1636}.Release|Any CPU.ActiveCfg = Release|Any CPU
		{4D2424C5-4D30-435E-8B71-1163010C1636}.Release|Any CPU.Build.0 = Release|Any CPU
		{4D2424C5-4D30-435E-8B71-1163010C1636}.Release|x64.ActiveCfg = Release|x64
		{4D2424C5-4D30-435E-8B71-1163010C1636}.Release|x64.Build.0 = Release|x64
		{C7D23CCE-7C8E-46E4-94DC-B702E1FBB848}.Debug|Any CPU.ActiveCfg = Debug|Any CPU
		{C7D23CCE-7C8E-46E4-94DC-B702E1FBB848}.Debug|Any CPU.Build.0 = Debug|Any CPU
		{C7D23CCE-7C8E-46E4-94DC-B702E1FBB848}.Debug|x64.ActiveCfg = Debug|Any CPU
		{C7D23CCE-7C8E-46E4-94DC-B702E1FBB848}.Debug|x64.Build.0 = Debug|Any CPU
		{C7D23CCE-7C8E-46E4-94DC-B702E1FBB848}.Release|Any CPU.ActiveCfg = Release|Any CPU
		{C7D23CCE-7C8E-46E4-94DC-B702E1FBB848}.Release|Any CPU.Build.0 = Release|Any CPU
		{C7D23CCE-7C8E-46E4-94DC-B702E1FBB848}.Release|x64.ActiveCfg = Release|Any CPU
		{C7D23CCE-7C8E-46E4-94DC-B702E1FBB848}.Release|x64.Build.0 = Release|Any CPU
	EndGlobalSection
	GlobalSection(SolutionProperties) = preSolution
		HideSolutionNode = FALSE
	EndGlobalSection
	GlobalSection(ExtensibilityGlobals) = postSolution
		SolutionGuid = {9B42152C-45CD-4943-BA74-57F541D58EA8}
	EndGlobalSection
EndGlobal
