
Microsoft Visual Studio Solution File, Format Version 12.00
# Visual Studio Version 17
VisualStudioVersion = 17.11.35222.181
MinimumVisualStudioVersion = 10.0.40219.1
Project("{9A19103F-16F7-4668-BE54-9A1E7A4F7556}") = "Aerochat", "Aerochat\Aerochat.csproj", "{80AEB080-A813-485A-A7DC-494A8617AC56}"
EndProject
Project("{9A19103F-16F7-4668-BE54-9A1E7A4F7556}") = "DSharpPlus", "DSP\DSharpPlus\DSharpPlus.csproj", "{F42BC84F-C976-4ABE-9A8B-D98B769F63F8}"
EndProject
Project("{9A19103F-16F7-4668-BE54-9A1E7A4F7556}") = "Aerovoice", "Aerovoice\Aerovoice.csproj", "{50C0B630-7CC9-4516-9C7C-2445EAB385F7}"
EndProject
Global
	GlobalSection(SolutionConfigurationPlatforms) = preSolution
		Debug|Any CPU = Debug|Any CPU
		Debug|x64 = Debug|x64
		Debug|x86 = Debug|x86
		Release|Any CPU = Release|Any CPU
		Release|x64 = Release|x64
		Release|x86 = Release|x86
	EndGlobalSection
	GlobalSection(ProjectConfigurationPlatforms) = postSolution
		{80AEB080-A813-485A-A7DC-494A8617AC56}.Debug|Any CPU.ActiveCfg = Debug|Any CPU
		{80AEB080-A813-485A-A7DC-494A8617AC56}.Debug|Any CPU.Build.0 = Debug|Any CPU
		{80AEB080-A813-485A-A7DC-494A8617AC56}.Debug|x64.ActiveCfg = Debug|x64
		{80AEB080-A813-485A-A7DC-494A8617AC56}.Debug|x64.Build.0 = Debug|x64
		{80AEB080-A813-485A-A7DC-494A8617AC56}.Debug|x86.ActiveCfg = Debug|Any CPU
		{80AEB080-A813-485A-A7DC-494A8617AC56}.Debug|x86.Build.0 = Debug|Any CPU
		{80AEB080-A813-485A-A7DC-494A8617AC56}.Release|Any CPU.ActiveCfg = Release|Any CPU
		{80AEB080-A813-485A-A7DC-494A8617AC56}.Release|Any CPU.Build.0 = Release|Any CPU
		{80AEB080-A813-485A-A7DC-494A8617AC56}.Release|x64.ActiveCfg = Release|x64
		{80AEB080-A813-485A-A7DC-494A8617AC56}.Release|x64.Build.0 = Release|x64
		{80AEB080-A813-485A-A7DC-494A8617AC56}.Release|x86.ActiveCfg = Release|Any CPU
		{80AEB080-A813-485A-A7DC-494A8617AC56}.Release|x86.Build.0 = Release|Any CPU
		{F42BC84F-C976-4ABE-9A8B-D98B769F63F8}.Debug|Any CPU.ActiveCfg = Debug|Any CPU
		{F42BC84F-C976-4ABE-9A8B-D98B769F63F8}.Debug|Any CPU.Build.0 = Debug|Any CPU
		{F42BC84F-C976-4ABE-9A8B-D98B769F63F8}.Debug|x64.ActiveCfg = Debug|x64
		{F42BC84F-C976-4ABE-9A8B-D98B769F63F8}.Debug|x64.Build.0 = Debug|x64
		{F42BC84F-C976-4ABE-9A8B-D98B769F63F8}.Debug|x86.ActiveCfg = Debug|Any CPU
		{F42BC84F-C976-4ABE-9A8B-D98B769F63F8}.Debug|x86.Build.0 = Debug|Any CPU
		{F42BC84F-C976-4ABE-9A8B-D98B769F63F8}.Release|Any CPU.ActiveCfg = Release|Any CPU
		{F42BC84F-C976-4ABE-9A8B-D98B769F63F8}.Release|Any CPU.Build.0 = Release|Any CPU
		{F42BC84F-C976-4ABE-9A8B-D98B769F63F8}.Release|x64.ActiveCfg = Release|x64
		{F42BC84F-C976-4ABE-9A8B-D98B769F63F8}.Release|x64.Build.0 = Release|x64
		{F42BC84F-C976-4ABE-9A8B-D98B769F63F8}.Release|x86.ActiveCfg = Release|Any CPU
		{F42BC84F-C976-4ABE-9A8B-D98B769F63F8}.Release|x86.Build.0 = Release|Any CPU
		{50C0B630-7CC9-4516-9C7C-2445EAB385F7}.Debug|Any CPU.ActiveCfg = Debug|Any CPU
		{50C0B630-7CC9-4516-9C7C-2445EAB385F7}.Debug|Any CPU.Build.0 = Debug|Any CPU
		{50C0B630-7CC9-4516-9C7C-2445EAB385F7}.Debug|x64.ActiveCfg = Debug|x64
		{50C0B630-7CC9-4516-9C7C-2445EAB385F7}.Debug|x64.Build.0 = Debug|x64
		{50C0B630-7CC9-4516-9C7C-2445EAB385F7}.Debug|x86.ActiveCfg = Debug|Any CPU
		{50C0B630-7CC9-4516-9C7C-2445EAB385F7}.Debug|x86.Build.0 = Debug|Any CPU
		{50C0B630-7CC9-4516-9C7C-2445EAB385F7}.Release|Any CPU.ActiveCfg = Release|Any CPU
		{50C0B630-7CC9-4516-9C7C-2445EAB385F7}.Release|Any CPU.Build.0 = Release|Any CPU
		{50C0B630-7CC9-4516-9C7C-2445EAB385F7}.Release|x64.ActiveCfg = Release|x64
		{50C0B630-7CC9-4516-9C7C-2445EAB385F7}.Release|x64.Build.0 = Release|x64
		{50C0B630-7CC9-4516-9C7C-2445EAB385F7}.Release|x86.ActiveCfg = Release|Any CPU
		{50C0B630-7CC9-4516-9C7C-2445EAB385F7}.Release|x86.Build.0 = Release|Any CPU
	EndGlobalSection
	GlobalSection(SolutionProperties) = preSolution
		HideSolutionNode = FALSE
	EndGlobalSection
	GlobalSection(ExtensibilityGlobals) = postSolution
		SolutionGuid = {8782D628-B31B-4447-A73A-3DF84FCC358B}
	EndGlobalSection
EndGlobal
