
Microsoft Visual Studio Solution File, Format Version 12.00
# Visual Studio Version 17
VisualStudioVersion = 17.11.35312.102
MinimumVisualStudioVersion = 10.0.40219.1
Project("{FAE04EC0-301F-11D3-BF4B-00C04F79EFBC}") = "Aerobool", "Aerobool\Aerobool.csproj", "{2EF93E88-A090-4B98-8440-6D8D9B01124B}"
EndProject
Global
	GlobalSection(SolutionConfigurationPlatforms) = preSolution
		Debug|Any CPU = Debug|Any CPU
		Release|Any CPU = Release|Any CPU
	EndGlobalSection
	GlobalSection(ProjectConfigurationPlatforms) = postSolution
		{2EF93E88-A090-4B98-8440-6D8D9B01124B}.Debug|Any CPU.ActiveCfg = Debug|Any CPU
		{2EF93E88-A090-4B98-8440-6D8D9B01124B}.Debug|Any CPU.Build.0 = Debug|Any CPU
		{2EF93E88-A090-4B98-8440-6D8D9B01124B}.Release|Any CPU.ActiveCfg = Release|Any CPU
		{2EF93E88-A090-4B98-8440-6D8D9B01124B}.Release|Any CPU.Build.0 = Release|Any CPU
	EndGlobalSection
	GlobalSection(SolutionProperties) = preSolution
		HideSolutionNode = FALSE
	EndGlobalSection
	GlobalSection(ExtensibilityGlobals) = postSolution
		SolutionGuid = {5DD96CEE-7C27-4DC4-A3BF-9D030F398D58}
	EndGlobalSection
EndGlobal
